
Microsoft Visual Studio Solution File, Format Version 12.00
# Visual Studio Version 16
VisualStudioVersion = 16.0.29911.84
MinimumVisualStudioVersion = 10.0.40219.1
Project("{FAE04EC0-301F-11D3-BF4B-00C04F79EFBC}") = "primera_prueba", "primera_prueba\primera_prueba.csproj", "{F828E5F6-434E-431B-9D04-21FCDF1467B9}"
EndProject
Global
	GlobalSection(SolutionConfigurationPlatforms) = preSolution
		Debug|Any CPU = Debug|Any CPU
		Release|Any CPU = Release|Any CPU
	EndGlobalSection
	GlobalSection(ProjectConfigurationPlatforms) = postSolution
		{F828E5F6-434E-431B-9D04-21FCDF1467B9}.Debug|Any CPU.ActiveCfg = Debug|Any CPU
		{F828E5F6-434E-431B-9D04-21FCDF1467B9}.Debug|Any CPU.Build.0 = Debug|Any CPU
		{F828E5F6-434E-431B-9D04-21FCDF1467B9}.Release|Any CPU.ActiveCfg = Release|Any CPU
		{F828E5F6-434E-431B-9D04-21FCDF1467B9}.Release|Any CPU.Build.0 = Release|Any CPU
	EndGlobalSection
	GlobalSection(SolutionProperties) = preSolution
		HideSolutionNode = FALSE
	EndGlobalSection
	GlobalSection(ExtensibilityGlobals) = postSolution
		SolutionGuid = {A55A1A67-211C-44E5-8DAE-24A7CB94B3B5}
	EndGlobalSection
EndGlobal
